sdk: ^2.0.0-alpha.121
prefixes:
  pixel_display: toit-pixel-display
packages:
  toit-pixel-display:
    url: github.com/toitware/toit-pixel-display
    name: pixel_display
    version: 2.0.1
    hash: a7a890177191012ed0c20f348b4cee35dc8849b3
    prefixes:
      png-tools: toit-png-tools
  toit-png-tools:
    url: github.com/toitware/toit-png-tools
    name: png-tools
    version: 1.0.0
    hash: ee472ac9d4333a138206f9d3a817d3c5432d6f87
