sdk: ^2.0.0-alpha.64
prefixes:
  font_x11_adobe: pkg-font-x11-adobe
  host: pkg-host
  pictogrammers_icons: toit-icons-pictogrammers
  pixel_display: toit-pixel-display
  png_display: ..
  roboto: toit-font-google-100dpi-roboto
packages:
  ..:
    path: ..
    prefixes:
      pixel_display: toit-pixel-display
      png-tools: toit-png-tools
  pkg-font-x11-adobe:
    url: github.com/toitlang/pkg-font-x11-adobe
    name: font_x11_adobe
    version: 0.1.0
    hash: f844400722165252148f087cdf189abab0a47f3d
  pkg-host:
    url: github.com/toitlang/pkg-host
    name: host
    version: 1.11.0
    hash: 7e7df6ac70d98a02f232185add81a06cec0d77e8
  toit-font-google-100dpi-roboto:
    url: github.com/toitware/toit-font-google-100dpi-roboto
    name: roboto
    version: 1.1.0
    hash: 7f34330ed3cfbae1f077f1bd7fa48d4ad484b291
  toit-icons-pictogrammers:
    url: github.com/toitware/toit-icons-pictogrammers
    name: pictogrammers_icons
    version: 1.0.0
    hash: 5ac660cc480d5da1fec72e1b24d425ce978419b7
  toit-pixel-display:
    url: github.com/toitware/toit-pixel-display
    name: pixel_display
    version: 1.6.1
    hash: 61693447fcf73e7dd4044780fd7991c2d371b7ec
  toit-png-tools:
    path: ../../toit-png-tools
