sdk: ^1.6.10
prefixes:
  font_x11_adobe: pkg-font-x11-adobe
  host: pkg-host
  pictogrammers_icons: toit-icons-pictogrammers
  pixel_display: toit-pixel-display
  png_display: ..
  roboto: toit-font-google-100dpi-roboto
  server: pkg-host
packages:
  ..:
    path: ..
    prefixes:
      pixel_display: toit-pixel-display
  pkg-font-x11-adobe:
    url: github.com/toitlang/pkg-font-x11-adobe
    version: 0.1.0
    hash: f844400722165252148f087cdf189abab0a47f3d
  pkg-host:
    url: github.com/toitlang/pkg-host
    version: 1.4.1
    hash: 444a69af53c5c2010074bceaef1afef615f14047
  toit-font-google-100dpi-roboto:
    url: github.com/toitware/toit-font-google-100dpi-roboto
    version: 1.1.0
    hash: 7f34330ed3cfbae1f077f1bd7fa48d4ad484b291
  toit-icons-pictogrammers:
    url: github.com/toitware/toit-icons-pictogrammers
    version: 1.0.0
    hash: 5ac660cc480d5da1fec72e1b24d425ce978419b7
  toit-pixel-display:
    url: github.com/toitware/toit-pixel-display
    version: 1.5.0
    hash: 359a4a5734b350f032cf81b971e5a065c73f6588
