sdk: ^2.0.0-alpha.170
prefixes:
  font_x11_adobe: pkg-font-x11-adobe
  host: pkg-host
  pictogrammers_icons: toit-icons-pictogrammers
  pixel_display: toit-pixel-display
  png_display: ..
  roboto: toit-font-google-100dpi-roboto
packages:
  ..:
    path: ..
    prefixes:
      pixel_display: toit-pixel-display
  pkg-font-x11-adobe:
    url: github.com/toitlang/pkg-font-x11-adobe
    name: font_x11_adobe
    version: 0.1.0
    hash: f844400722165252148f087cdf189abab0a47f3d
  pkg-host:
    url: github.com/toitlang/pkg-host
    name: host
    version: 1.16.2
    hash: ae83f761db80166a20bb38498edd009916b72563
  toit-font-google-100dpi-roboto:
    url: github.com/toitware/toit-font-google-100dpi-roboto
    name: roboto
    version: 1.3.0
    hash: 833bf8b95938537c761e122026b6e62b03cb0762
  toit-icons-pictogrammers:
    url: github.com/toitware/toit-icons-pictogrammers
    name: pictogrammers_icons
    version: 1.0.0
    hash: 5ac660cc480d5da1fec72e1b24d425ce978419b7
  toit-pixel-display:
    url: github.com/toitware/toit-pixel-display
    name: pixel_display
    version: 2.11.0
    hash: 59a4be9f0e6aa2321c6a032da44776f59af364b5
    prefixes:
      png-tools: toit-png-tools
  toit-png-tools:
    url: github.com/toitware/toit-png-tools
    name: png-tools
    version: 1.0.0
    hash: ee472ac9d4333a138206f9d3a817d3c5432d6f87
